
Microsoft Visual Studio Solution File, Format Version 11.00
# Visual Studio 2010
Project("{FAE04EC0-301F-11D3-BF4B-00C04F79EFBC}") = "FlexForms", "FlexForms.csproj", "{1E150BA5-61A1-4C22-94F7-1B144050D46D}"
EndProject
Global
	GlobalSection(SolutionConfigurationPlatforms) = preSolution
		Debug|Any CPU = Debug|Any CPU
		Release|Any CPU = Release|Any CPU
	EndGlobalSection
	GlobalSection(ProjectConfigurationPlatforms) = postSolution
		{1E150BA5-61A1-4C22-94F7-1B144050D46D}.Debug|Any CPU.ActiveCfg = Debug|Any CPU
		{1E150BA5-61A1-4C22-94F7-1B144050D46D}.Debug|Any CPU.Build.0 = Debug|Any CPU
		{1E150BA5-61A1-4C22-94F7-1B144050D46D}.Release|Any CPU.ActiveCfg = Release|Any CPU
		{1E150BA5-61A1-4C22-94F7-1B144050D46D}.Release|Any CPU.Build.0 = Release|Any CPU
	EndGlobalSection
	GlobalSection(SolutionProperties) = preSolution
		HideSolutionNode = FALSE
	EndGlobalSection
EndGlobal
